
Microsoft Visual Studio Solution File, Format Version 12.00
# Visual Studio Version 16
VisualStudioVersion = 16.0.31410.357
MinimumVisualStudioVersion = 10.0.40219.1
Project("{FAE04EC0-301F-11D3-BF4B-00C04F79EFBC}") = "Stock-MVC", "Stock-MVC\Stock-MVC.csproj", "{87A0F1CB-DA25-459B-94B2-863ECD888C89}"
EndProject
Global
	GlobalSection(SolutionConfigurationPlatforms) = preSolution
		Debug|Any CPU = Debug|Any CPU
		Release|Any CPU = Release|Any CPU
	EndGlobalSection
	GlobalSection(ProjectConfigurationPlatforms) = postSolution
		{87A0F1CB-DA25-459B-94B2-863ECD888C89}.Debug|Any CPU.ActiveCfg = Debug|Any CPU
		{87A0F1CB-DA25-459B-94B2-863ECD888C89}.Debug|Any CPU.Build.0 = Debug|Any CPU
		{87A0F1CB-DA25-459B-94B2-863ECD888C89}.Release|Any CPU.ActiveCfg = Release|Any CPU
		{87A0F1CB-DA25-459B-94B2-863ECD888C89}.Release|Any CPU.Build.0 = Release|Any CPU
	EndGlobalSection
	GlobalSection(SolutionProperties) = preSolution
		HideSolutionNode = FALSE
	EndGlobalSection
	GlobalSection(ExtensibilityGlobals) = postSolution
		SolutionGuid = {CE8E419F-7DDB-4996-82BC-38037657AB67}
	EndGlobalSection
EndGlobal
